
Microsoft Visual Studio Solution File, Format Version 12.00
# Visual Studio Version 16
VisualStudioVersion = 16.0.31112.23
MinimumVisualStudioVersion = 10.0.40219.1
Project("{FAE04EC0-301F-11D3-BF4B-00C04F79EFBC}") = "firstWebAPI", "firstWebAPI\firstWebAPI.csproj", "{4E467C64-F28B-49D5-A533-386E0CCE89C9}"
EndProject
Project("{00D1A9C2-B5F0-4AF3-8072-F6C62B433612}") = "firstWebAPIdata", "firstWebAPIdata\firstWebAPIdata.sqlproj", "{66BF9268-B21A-4BB5-8E7C-98F6FF9DC50B}"
EndProject
Global
	GlobalSection(SolutionConfigurationPlatforms) = preSolution
		Debug|Any CPU = Debug|Any CPU
		Release|Any CPU = Release|Any CPU
	EndGlobalSection
	GlobalSection(ProjectConfigurationPlatforms) = postSolution
		{4E467C64-F28B-49D5-A533-386E0CCE89C9}.Debug|Any CPU.ActiveCfg = Debug|Any CPU
		{4E467C64-F28B-49D5-A533-386E0CCE89C9}.Debug|Any CPU.Build.0 = Debug|Any CPU
		{4E467C64-F28B-49D5-A533-386E0CCE89C9}.Release|Any CPU.ActiveCfg = Release|Any CPU
		{4E467C64-F28B-49D5-A533-386E0CCE89C9}.Release|Any CPU.Build.0 = Release|Any CPU
		{66BF9268-B21A-4BB5-8E7C-98F6FF9DC50B}.Debug|Any CPU.ActiveCfg = Debug|Any CPU
		{66BF9268-B21A-4BB5-8E7C-98F6FF9DC50B}.Debug|Any CPU.Build.0 = Debug|Any CPU
		{66BF9268-B21A-4BB5-8E7C-98F6FF9DC50B}.Debug|Any CPU.Deploy.0 = Debug|Any CPU
		{66BF9268-B21A-4BB5-8E7C-98F6FF9DC50B}.Release|Any CPU.ActiveCfg = Release|Any CPU
		{66BF9268-B21A-4BB5-8E7C-98F6FF9DC50B}.Release|Any CPU.Build.0 = Release|Any CPU
		{66BF9268-B21A-4BB5-8E7C-98F6FF9DC50B}.Release|Any CPU.Deploy.0 = Release|Any CPU
	EndGlobalSection
	GlobalSection(SolutionProperties) = preSolution
		HideSolutionNode = FALSE
	EndGlobalSection
	GlobalSection(ExtensibilityGlobals) = postSolution
		SolutionGuid = {DEB7B217-BA3B-4DE2-9ECE-D40E243E79D6}
	EndGlobalSection
EndGlobal
